
Microsoft Visual Studio Solution File, Format Version 12.00
# Visual Studio Version 16
VisualStudioVersion = 16.0.29503.13
MinimumVisualStudioVersion = 10.0.40219.1
Project("{9A19103F-16F7-4668-BE54-9A1E7A4F7556}") = "BAL", "BAL\BAL.csproj", "{46B19939-F46B-4FEC-BD98-0B20990F0122}"
EndProject
Project("{9A19103F-16F7-4668-BE54-9A1E7A4F7556}") = "DAL", "DAL\DAL.csproj", "{FFDD68CF-936A-495F-9692-5844F22C3876}"
EndProject
Project("{FAE04EC0-301F-11D3-BF4B-00C04F79EFBC}") = "EmpFeedbackSystem", "EmpFeedbackSystem\EmpFeedbackSystem.csproj", "{A84B2A20-26E2-49B6-8560-3440DD380D74}"
EndProject
Global
	GlobalSection(SolutionConfigurationPlatforms) = preSolution
		Debug|Any CPU = Debug|Any CPU
		Release|Any CPU = Release|Any CPU
	EndGlobalSection
	GlobalSection(ProjectConfigurationPlatforms) = postSolution
		{46B19939-F46B-4FEC-BD98-0B20990F0122}.Debug|Any CPU.ActiveCfg = Debug|Any CPU
		{46B19939-F46B-4FEC-BD98-0B20990F0122}.Debug|Any CPU.Build.0 = Debug|Any CPU
		{46B19939-F46B-4FEC-BD98-0B20990F0122}.Release|Any CPU.ActiveCfg = Release|Any CPU
		{46B19939-F46B-4FEC-BD98-0B20990F0122}.Release|Any CPU.Build.0 = Release|Any CPU
		{FFDD68CF-936A-495F-9692-5844F22C3876}.Debug|Any CPU.ActiveCfg = Debug|Any CPU
		{FFDD68CF-936A-495F-9692-5844F22C3876}.Debug|Any CPU.Build.0 = Debug|Any CPU
		{FFDD68CF-936A-495F-9692-5844F22C3876}.Release|Any CPU.ActiveCfg = Release|Any CPU
		{FFDD68CF-936A-495F-9692-5844F22C3876}.Release|Any CPU.Build.0 = Release|Any CPU
		{A84B2A20-26E2-49B6-8560-3440DD380D74}.Debug|Any CPU.ActiveCfg = Debug|Any CPU
		{A84B2A20-26E2-49B6-8560-3440DD380D74}.Debug|Any CPU.Build.0 = Debug|Any CPU
		{A84B2A20-26E2-49B6-8560-3440DD380D74}.Release|Any CPU.ActiveCfg = Release|Any CPU
		{A84B2A20-26E2-49B6-8560-3440DD380D74}.Release|Any CPU.Build.0 = Release|Any CPU
	EndGlobalSection
	GlobalSection(SolutionProperties) = preSolution
		HideSolutionNode = FALSE
	EndGlobalSection
	GlobalSection(ExtensibilityGlobals) = postSolution
		SolutionGuid = {C8BAE641-405A-40DD-B010-9A9B31E19609}
	EndGlobalSection
EndGlobal
